
Microsoft Visual Studio Solution File, Format Version 12.00
# Visual Studio 14
VisualStudioVersion = 14.0.25420.1
MinimumVisualStudioVersion = 10.0.40219.1
Project("{FAE04EC0-301F-11D3-BF4B-00C04F79EFBC}") = "NCode", "NCode.csproj", "{0AE3A21D-5A4B-44C2-B3F9-1B0CC61DD751}"
EndProject
Project("{FAE04EC0-301F-11D3-BF4B-00C04F79EFBC}") = "NCode Client", "..\NCode Client\NCode Client.csproj", "{8CB315FA-5F3A-49E7-83E0-0460CA2081EE}"
EndProject
Project("{FAE04EC0-301F-11D3-BF4B-00C04F79EFBC}") = "NCode Server", "..\NCode Server\NCode Server.csproj", "{C8F26C94-65DE-446D-A004-01D094374D59}"
EndProject
Global
	GlobalSection(SolutionConfigurationPlatforms) = preSolution
		Debug|Any CPU = Debug|Any CPU
		Release|Any CPU = Release|Any CPU
	EndGlobalSection
	GlobalSection(ProjectConfigurationPlatforms) = postSolution
		{0AE3A21D-5A4B-44C2-B3F9-1B0CC61DD751}.Debug|Any CPU.ActiveCfg = Debug|Any CPU
		{0AE3A21D-5A4B-44C2-B3F9-1B0CC61DD751}.Debug|Any CPU.Build.0 = Debug|Any CPU
		{0AE3A21D-5A4B-44C2-B3F9-1B0CC61DD751}.Release|Any CPU.ActiveCfg = Release|Any CPU
		{0AE3A21D-5A4B-44C2-B3F9-1B0CC61DD751}.Release|Any CPU.Build.0 = Release|Any CPU
		{8CB315FA-5F3A-49E7-83E0-0460CA2081EE}.Debug|Any CPU.ActiveCfg = Debug|Any CPU
		{8CB315FA-5F3A-49E7-83E0-0460CA2081EE}.Debug|Any CPU.Build.0 = Debug|Any CPU
		{8CB315FA-5F3A-49E7-83E0-0460CA2081EE}.Release|Any CPU.ActiveCfg = Release|Any CPU
		{8CB315FA-5F3A-49E7-83E0-0460CA2081EE}.Release|Any CPU.Build.0 = Release|Any CPU
		{C8F26C94-65DE-446D-A004-01D094374D59}.Debug|Any CPU.ActiveCfg = Debug|Any CPU
		{C8F26C94-65DE-446D-A004-01D094374D59}.Debug|Any CPU.Build.0 = Debug|Any CPU
		{C8F26C94-65DE-446D-A004-01D094374D59}.Release|Any CPU.ActiveCfg = Release|Any CPU
		{C8F26C94-65DE-446D-A004-01D094374D59}.Release|Any CPU.Build.0 = Release|Any CPU
	EndGlobalSection
	GlobalSection(SolutionProperties) = preSolution
		HideSolutionNode = FALSE
	EndGlobalSection
EndGlobal
