
Microsoft Visual Studio Solution File, Format Version 12.00
# Visual Studio 15
VisualStudioVersion = 15.0.26403.3
MinimumVisualStudioVersion = 10.0.40219.1
Project("{FAE04EC0-301F-11D3-BF4B-00C04F79EFBC}") = "NCode.Server", "NCode.Server\NCode.Server.csproj", "{0744D549-A50F-448E-A8CD-A25B40B717F8}"
EndProject
Project("{FAE04EC0-301F-11D3-BF4B-00C04F79EFBC}") = "NCode.Client", "NCode.Client\NCode.Client.csproj", "{E266886D-6989-46FD-ABCC-6EA702F17472}"
EndProject
Project("{FAE04EC0-301F-11D3-BF4B-00C04F79EFBC}") = "NCode.Core", "NCode.Core\NCode.Core.csproj", "{EDE13E43-B243-460E-B048-1AF55DE1E3AD}"
EndProject
Global
	GlobalSection(SolutionConfigurationPlatforms) = preSolution
		Release|Any CPU = Release|Any CPU
		Standalone_Debug|Any CPU = Standalone_Debug|Any CPU
		Unity_Debug|Any CPU = Unity_Debug|Any CPU
	EndGlobalSection
	GlobalSection(ProjectConfigurationPlatforms) = postSolution
		{0744D549-A50F-448E-A8CD-A25B40B717F8}.Release|Any CPU.ActiveCfg = Release|Any CPU
		{0744D549-A50F-448E-A8CD-A25B40B717F8}.Release|Any CPU.Build.0 = Release|Any CPU
		{0744D549-A50F-448E-A8CD-A25B40B717F8}.Standalone_Debug|Any CPU.ActiveCfg = Standalone_Debug|Any CPU
		{0744D549-A50F-448E-A8CD-A25B40B717F8}.Standalone_Debug|Any CPU.Build.0 = Standalone_Debug|Any CPU
		{0744D549-A50F-448E-A8CD-A25B40B717F8}.Unity_Debug|Any CPU.ActiveCfg = Standalone_Debug|Any CPU
		{0744D549-A50F-448E-A8CD-A25B40B717F8}.Unity_Debug|Any CPU.Build.0 = Standalone_Debug|Any CPU
		{E266886D-6989-46FD-ABCC-6EA702F17472}.Release|Any CPU.ActiveCfg = Release|Any CPU
		{E266886D-6989-46FD-ABCC-6EA702F17472}.Release|Any CPU.Build.0 = Release|Any CPU
		{E266886D-6989-46FD-ABCC-6EA702F17472}.Standalone_Debug|Any CPU.ActiveCfg = Unity_Debug|Any CPU
		{E266886D-6989-46FD-ABCC-6EA702F17472}.Standalone_Debug|Any CPU.Build.0 = Unity_Debug|Any CPU
		{E266886D-6989-46FD-ABCC-6EA702F17472}.Unity_Debug|Any CPU.ActiveCfg = Unity_Debug|Any CPU
		{E266886D-6989-46FD-ABCC-6EA702F17472}.Unity_Debug|Any CPU.Build.0 = Unity_Debug|Any CPU
		{EDE13E43-B243-460E-B048-1AF55DE1E3AD}.Release|Any CPU.ActiveCfg = Release|Any CPU
		{EDE13E43-B243-460E-B048-1AF55DE1E3AD}.Release|Any CPU.Build.0 = Release|Any CPU
		{EDE13E43-B243-460E-B048-1AF55DE1E3AD}.Standalone_Debug|Any CPU.ActiveCfg = Standalone_Debug|Any CPU
		{EDE13E43-B243-460E-B048-1AF55DE1E3AD}.Standalone_Debug|Any CPU.Build.0 = Standalone_Debug|Any CPU
		{EDE13E43-B243-460E-B048-1AF55DE1E3AD}.Unity_Debug|Any CPU.ActiveCfg = Unity_Debug|Any CPU
		{EDE13E43-B243-460E-B048-1AF55DE1E3AD}.Unity_Debug|Any CPU.Build.0 = Unity_Debug|Any CPU
	EndGlobalSection
	GlobalSection(SolutionProperties) = preSolution
		HideSolutionNode = FALSE
	EndGlobalSection
EndGlobal
