
Microsoft Visual Studio Solution File, Format Version 11.00
# Visual Studio 2010
Project("{FAE04EC0-301F-11D3-BF4B-00C04F79EFBC}") = "NCode.Unity", "Assembly-CSharp-firstpass.csproj", "{A1E5AFB2-B931-5396-EE2B-88C9F7A86054}"
EndProject
Project("{FAE04EC0-301F-11D3-BF4B-00C04F79EFBC}") = "NCode.Unity", "Assembly-CSharp.csproj", "{2E9F4B46-70A6-102A-F728-45DAC47FF8D6}"
EndProject
Project("{FAE04EC0-301F-11D3-BF4B-00C04F79EFBC}") = "NCode.Unity", "Assembly-CSharp-Editor.csproj", "{97439309-7BB5-38DE-203C-CD335810E482}"
EndProject
Global
	GlobalSection(SolutionConfigurationPlatforms) = preSolution
		Debug|Any CPU = Debug|Any CPU
		Release|Any CPU = Release|Any CPU
	EndGlobalSection
	GlobalSection(ProjectConfigurationPlatforms) = postSolution
		{A1E5AFB2-B931-5396-EE2B-88C9F7A86054}.Debug|Any CPU.ActiveCfg = Debug|Any CPU
		{A1E5AFB2-B931-5396-EE2B-88C9F7A86054}.Debug|Any CPU.Build.0 = Debug|Any CPU
		{A1E5AFB2-B931-5396-EE2B-88C9F7A86054}.Release|Any CPU.ActiveCfg = Release|Any CPU
		{A1E5AFB2-B931-5396-EE2B-88C9F7A86054}.Release|Any CPU.Build.0 = Release|Any CPU
		{2E9F4B46-70A6-102A-F728-45DAC47FF8D6}.Debug|Any CPU.ActiveCfg = Debug|Any CPU
		{2E9F4B46-70A6-102A-F728-45DAC47FF8D6}.Debug|Any CPU.Build.0 = Debug|Any CPU
		{2E9F4B46-70A6-102A-F728-45DAC47FF8D6}.Release|Any CPU.ActiveCfg = Release|Any CPU
		{2E9F4B46-70A6-102A-F728-45DAC47FF8D6}.Release|Any CPU.Build.0 = Release|Any CPU
		{97439309-7BB5-38DE-203C-CD335810E482}.Debug|Any CPU.ActiveCfg = Debug|Any CPU
		{97439309-7BB5-38DE-203C-CD335810E482}.Debug|Any CPU.Build.0 = Debug|Any CPU
		{97439309-7BB5-38DE-203C-CD335810E482}.Release|Any CPU.ActiveCfg = Release|Any CPU
		{97439309-7BB5-38DE-203C-CD335810E482}.Release|Any CPU.Build.0 = Release|Any CPU
	EndGlobalSection
	GlobalSection(SolutionProperties) = preSolution
		HideSolutionNode = FALSE
	EndGlobalSection
	GlobalSection(MonoDevelopProperties) = preSolution
		StartupItem = Assembly-CSharp.csproj
	EndGlobalSection
EndGlobal
